{
  "name": "tg-inspiration-bot",
  "version": "1.0.0",
  "description": "Telegram bot with Mini App for inspiration workshop",
  "main": "backend/app.js",
  "scripts": {
    "build": "cd frontend && npm install && npm run build",
    "start": "cd backend && node app.js",
    "install-all": "npm install && cd backend && npm install && cd ../frontend && npm install",
    "postinstall": "cd backend && npm install && cd ../frontend && npm install"
  },
  "engines": {
    "node": "18.x"
  },
  "keywords": ["telegram", "bot", "mini-app", "inspiration"],
  "author": "Master",
  "license": "ISC"
}
